
Microsoft Visual Studio Solution File, Format Version 12.00
Project("{FAE04EC0-301F-11D3-BF4B-00C04F79EFBC}") = "Lawadmin.WebAPI", "Lawadmin.WebAPI\Lawadmin.WebAPI.csproj", "{5D4833E4-8647-45EB-96CA-8A61DF9DD4CD}"
EndProject
Global
	GlobalSection(SolutionConfigurationPlatforms) = preSolution
		Debug|Any CPU = Debug|Any CPU
		Release|Any CPU = Release|Any CPU
	EndGlobalSection
	GlobalSection(ProjectConfigurationPlatforms) = postSolution
		{5D4833E4-8647-45EB-96CA-8A61DF9DD4CD}.Debug|Any CPU.ActiveCfg = Debug|Any CPU
		{5D4833E4-8647-45EB-96CA-8A61DF9DD4CD}.Debug|Any CPU.Build.0 = Debug|Any CPU
		{5D4833E4-8647-45EB-96CA-8A61DF9DD4CD}.Release|Any CPU.ActiveCfg = Release|Any CPU
		{5D4833E4-8647-45EB-96CA-8A61DF9DD4CD}.Release|Any CPU.Build.0 = Release|Any CPU
	EndGlobalSection
EndGlobal
